
Microsoft Visual Studio Solution File, Format Version 12.00
# Visual Studio Version 17
VisualStudioVersion = 17.10.35122.118
MinimumVisualStudioVersion = 10.0.40219.1
Project("{FAE04EC0-301F-11D3-BF4B-00C04F79EFBC}") = "PasswordManager", "PasswordManager\PasswordManager.csproj", "{0BB937B9-591D-404D-92DB-3EE7C992347C}"
EndProject
Global
	GlobalSection(SolutionConfigurationPlatforms) = preSolution
		Debug|Any CPU = Debug|Any CPU
		Release|Any CPU = Release|Any CPU
	EndGlobalSection
	GlobalSection(ProjectConfigurationPlatforms) = postSolution
		{0BB937B9-591D-404D-92DB-3EE7C992347C}.Debug|Any CPU.ActiveCfg = Debug|Any CPU
		{0BB937B9-591D-404D-92DB-3EE7C992347C}.Debug|Any CPU.Build.0 = Debug|Any CPU
		{0BB937B9-591D-404D-92DB-3EE7C992347C}.Release|Any CPU.ActiveCfg = Release|Any CPU
		{0BB937B9-591D-404D-92DB-3EE7C992347C}.Release|Any CPU.Build.0 = Release|Any CPU
	EndGlobalSection
	GlobalSection(SolutionProperties) = preSolution
		HideSolutionNode = FALSE
	EndGlobalSection
	GlobalSection(ExtensibilityGlobals) = postSolution
		SolutionGuid = {BDD052FF-2B3A-4816-AB1E-641455B6301C}
	EndGlobalSection
EndGlobal
